
Microsoft Visual Studio Solution File, Format Version 12.00
# Visual Studio Version 17
VisualStudioVersion = 17.14.36429.23 d17.14
MinimumVisualStudioVersion = 10.0.40219.1
Project("{888888A0-9F3D-457C-B088-3A5042F75D52}") = "l4", "l4.pyproj", "{E077719E-393B-4E38-88E1-E2958C7CF278}"
EndProject
Global
	GlobalSection(SolutionConfigurationPlatforms) = preSolution
		Debug|Any CPU = Debug|Any CPU
		Release|Any CPU = Release|Any CPU
	EndGlobalSection
	GlobalSection(ProjectConfigurationPlatforms) = postSolution
		{E077719E-393B-4E38-88E1-E2958C7CF278}.Debug|Any CPU.ActiveCfg = Debug|Any CPU
		{E077719E-393B-4E38-88E1-E2958C7CF278}.Release|Any CPU.ActiveCfg = Release|Any CPU
	EndGlobalSection
	GlobalSection(SolutionProperties) = preSolution
		HideSolutionNode = FALSE
	EndGlobalSection
	GlobalSection(ExtensibilityGlobals) = postSolution
		SolutionGuid = {B996ECE4-00CB-43A4-9BC5-A4BA5C09712C}
	EndGlobalSection
EndGlobal
